
Microsoft Visual Studio Solution File, Format Version 12.00
# Visual Studio 15
Project("{FAE04EC0-301F-11D3-BF4B-00C04F79EFBC}") = "Assembly-CSharp", "Assembly-CSharp.csproj", "{EDBA7128-DF87-229D-F19F-01885AEE3042}"
EndProject
Project("{FAE04EC0-301F-11D3-BF4B-00C04F79EFBC}") = "Assembly-CSharp-Editor", "Assembly-CSharp-Editor.csproj", "{793F050A-2202-8D88-C9A5-7AA40885C3DC}"
EndProject
Global
	GlobalSection(SolutionConfigurationPlatforms) = preSolution
		Debug|Any CPU = Debug|Any CPU
		Release|Any CPU = Release|Any CPU
	EndGlobalSection
	GlobalSection(ProjectConfigurationPlatforms) = postSolution
		{EDBA7128-DF87-229D-F19F-01885AEE3042}.Debug|Any CPU.ActiveCfg = Debug|Any CPU
		{EDBA7128-DF87-229D-F19F-01885AEE3042}.Debug|Any CPU.Build.0 = Debug|Any CPU
		{EDBA7128-DF87-229D-F19F-01885AEE3042}.Release|Any CPU.ActiveCfg = Release|Any CPU
		{EDBA7128-DF87-229D-F19F-01885AEE3042}.Release|Any CPU.Build.0 = Release|Any CPU
		{793F050A-2202-8D88-C9A5-7AA40885C3DC}.Debug|Any CPU.ActiveCfg = Debug|Any CPU
		{793F050A-2202-8D88-C9A5-7AA40885C3DC}.Debug|Any CPU.Build.0 = Debug|Any CPU
		{793F050A-2202-8D88-C9A5-7AA40885C3DC}.Release|Any CPU.ActiveCfg = Release|Any CPU
		{793F050A-2202-8D88-C9A5-7AA40885C3DC}.Release|Any CPU.Build.0 = Release|Any CPU
	EndGlobalSection
	GlobalSection(SolutionProperties) = preSolution
		HideSolutionNode = FALSE
	EndGlobalSection
	GlobalSection(MonoDevelopProperties) = preSolution
		StartupItem = Assembly-CSharp.csproj
	EndGlobalSection
EndGlobal
